<?xml version="1.0" encoding="UTF-8"?>
<CodeBlocks_project_file>
	<FileVersion major="1" minor="6"/>
	<Project>
		<Option title="GLFW"/>
		<Option makefile_is_custom="1"/>
		<Option compiler="msvc8"/>
		<Option virtualFolders="CMake Files\;CMake Files\libs\;CMake Files\libs\win\;CMake Files\libs\win\glfw\;CMake Files\libs\win\glfw\src\;"/>
		<Build>
			<Target title="all">
				<Option working_dir="C:/Users/Matteo/Desktop/Sharded/libs/win/glfw"/>
				<Option type="4"/>
				<MakeCommands>
					<Build command="nmake /NOLOGO /f C:\Users\Matteo\Desktop\Sharded\libs\win\glfw\Makefile VERBOSE=1 all"/>
					<CompileFile command="nmake /NOLOGO /f C:\Users\Matteo\Desktop\Sharded\libs\win\glfw\Makefile VERBOSE=1 &quot;$file&quot;"/>
					<Clean command="nmake /NOLOGO /f C:\Users\Matteo\Desktop\Sharded\libs\win\glfw\Makefile VERBOSE=1 clean"/>
					<DistClean command="nmake /NOLOGO /f C:\Users\Matteo\Desktop\Sharded\libs\win\glfw\Makefile VERBOSE=1 clean"/>
				</MakeCommands>
			</Target>
			<Target title="uninstall">
				<Option working_dir="C:/Users/Matteo/Desktop/Sharded/libs/win/glfw"/>
				<Option type="4"/>
				<MakeCommands>
					<Build command="nmake /NOLOGO /f C:\Users\Matteo\Desktop\Sharded\libs\win\glfw\Makefile VERBOSE=1 uninstall"/>
					<CompileFile command="nmake /NOLOGO /f C:\Users\Matteo\Desktop\Sharded\libs\win\glfw\Makefile VERBOSE=1 &quot;$file&quot;"/>
					<Clean command="nmake /NOLOGO /f C:\Users\Matteo\Desktop\Sharded\libs\win\glfw\Makefile VERBOSE=1 clean"/>
					<DistClean command="nmake /NOLOGO /f C:\Users\Matteo\Desktop\Sharded\libs\win\glfw\Makefile VERBOSE=1 clean"/>
				</MakeCommands>
			</Target>
			<Target title="glfw">
				<Option output="C:/Users/Matteo/Desktop/Sharded/libs/win/glfw/src/glfw3.lib" prefix_auto="0" extension_auto="0"/>
				<Option working_dir="C:/Users/Matteo/Desktop/Sharded/libs/win/glfw/src"/>
				<Option object_output="./"/>
				<Option type="2"/>
				<Option compiler="msvc8"/>
				<Compiler>
					<Add option="-D_GLFW_USE_CONFIG_H"/>
					<Add option="-D_CRT_SECURE_NO_WARNINGS"/>
					<Add directory="C:/Users/Matteo/Desktop/Sharded/libs/win/glfw/include"/>
					<Add directory="C:/Users/Matteo/Desktop/Sharded/libs/win/glfw/src"/>
					<Add directory="C:\Program Files (x86)\Microsoft Visual Studio\2017\Enterprise\VC\Tools\MSVC\14.16.27023\ATLMFC\include"/>
					<Add directory="C:\Program Files (x86)\Microsoft Visual Studio\2017\Enterprise\VC\Tools\MSVC\14.16.27023\include"/>
					<Add directory="C:\Program Files (x86)\Windows Kits\10\include\10.0.17763.0\ucrt"/>
					<Add directory="C:\Program Files (x86)\Windows Kits\10\include\10.0.17763.0\shared"/>
					<Add directory="C:\Program Files (x86)\Windows Kits\10\include\10.0.17763.0\um"/>
					<Add directory="C:\Program Files (x86)\Windows Kits\10\include\10.0.17763.0\winrt"/>
					<Add directory="C:\Program Files (x86)\Windows Kits\10\include\10.0.17763.0\cppwinrt"/>
				</Compiler>
				<MakeCommands>
					<Build command="nmake /NOLOGO /f C:\Users\Matteo\Desktop\Sharded\libs\win\glfw\src\Makefile VERBOSE=1 glfw"/>
					<CompileFile command="nmake /NOLOGO /f C:\Users\Matteo\Desktop\Sharded\libs\win\glfw\src\Makefile VERBOSE=1 &quot;$file&quot;"/>
					<Clean command="nmake /NOLOGO /f C:\Users\Matteo\Desktop\Sharded\libs\win\glfw\src\Makefile VERBOSE=1 clean"/>
					<DistClean command="nmake /NOLOGO /f C:\Users\Matteo\Desktop\Sharded\libs\win\glfw\src\Makefile VERBOSE=1 clean"/>
				</MakeCommands>
			</Target>
			<Target title="glfw/fast">
				<Option output="C:/Users/Matteo/Desktop/Sharded/libs/win/glfw/src/glfw3.lib" prefix_auto="0" extension_auto="0"/>
				<Option working_dir="C:/Users/Matteo/Desktop/Sharded/libs/win/glfw/src"/>
				<Option object_output="./"/>
				<Option type="2"/>
				<Option compiler="msvc8"/>
				<Compiler>
					<Add option="-D_GLFW_USE_CONFIG_H"/>
					<Add option="-D_CRT_SECURE_NO_WARNINGS"/>
					<Add directory="C:/Users/Matteo/Desktop/Sharded/libs/win/glfw/include"/>
					<Add directory="C:/Users/Matteo/Desktop/Sharded/libs/win/glfw/src"/>
					<Add directory="C:\Program Files (x86)\Microsoft Visual Studio\2017\Enterprise\VC\Tools\MSVC\14.16.27023\ATLMFC\include"/>
					<Add directory="C:\Program Files (x86)\Microsoft Visual Studio\2017\Enterprise\VC\Tools\MSVC\14.16.27023\include"/>
					<Add directory="C:\Program Files (x86)\Windows Kits\10\include\10.0.17763.0\ucrt"/>
					<Add directory="C:\Program Files (x86)\Windows Kits\10\include\10.0.17763.0\shared"/>
					<Add directory="C:\Program Files (x86)\Windows Kits\10\include\10.0.17763.0\um"/>
					<Add directory="C:\Program Files (x86)\Windows Kits\10\include\10.0.17763.0\winrt"/>
					<Add directory="C:\Program Files (x86)\Windows Kits\10\include\10.0.17763.0\cppwinrt"/>
				</Compiler>
				<MakeCommands>
					<Build command="nmake /NOLOGO /f C:\Users\Matteo\Desktop\Sharded\libs\win\glfw\src\Makefile VERBOSE=1 glfw/fast"/>
					<CompileFile command="nmake /NOLOGO /f C:\Users\Matteo\Desktop\Sharded\libs\win\glfw\src\Makefile VERBOSE=1 &quot;$file&quot;"/>
					<Clean command="nmake /NOLOGO /f C:\Users\Matteo\Desktop\Sharded\libs\win\glfw\src\Makefile VERBOSE=1 clean"/>
					<DistClean command="nmake /NOLOGO /f C:\Users\Matteo\Desktop\Sharded\libs\win\glfw\src\Makefile VERBOSE=1 clean"/>
				</MakeCommands>
			</Target>
		</Build>
		<Unit filename="C:/Users/Matteo/Desktop/Sharded/libs/win/glfw/include/GLFW/glfw3.h">
			<Option target="glfw"/>
		</Unit>
		<Unit filename="C:/Users/Matteo/Desktop/Sharded/libs/win/glfw/include/GLFW/glfw3native.h">
			<Option target="glfw"/>
		</Unit>
		<Unit filename="C:/Users/Matteo/Desktop/Sharded/libs/win/glfw/src/context.c">
			<Option target="glfw"/>
		</Unit>
		<Unit filename="C:/Users/Matteo/Desktop/Sharded/libs/win/glfw/src/egl_context.c">
			<Option target="glfw"/>
		</Unit>
		<Unit filename="C:/Users/Matteo/Desktop/Sharded/libs/win/glfw/src/egl_context.h">
			<Option target="glfw"/>
		</Unit>
		<Unit filename="C:/Users/Matteo/Desktop/Sharded/libs/win/glfw/src/glfw_config.h">
			<Option target="glfw"/>
		</Unit>
		<Unit filename="C:/Users/Matteo/Desktop/Sharded/libs/win/glfw/src/init.c">
			<Option target="glfw"/>
		</Unit>
		<Unit filename="C:/Users/Matteo/Desktop/Sharded/libs/win/glfw/src/input.c">
			<Option target="glfw"/>
		</Unit>
		<Unit filename="C:/Users/Matteo/Desktop/Sharded/libs/win/glfw/src/internal.h">
			<Option target="glfw"/>
		</Unit>
		<Unit filename="C:/Users/Matteo/Desktop/Sharded/libs/win/glfw/src/mappings.h">
			<Option target="glfw"/>
		</Unit>
		<Unit filename="C:/Users/Matteo/Desktop/Sharded/libs/win/glfw/src/monitor.c">
			<Option target="glfw"/>
		</Unit>
		<Unit filename="C:/Users/Matteo/Desktop/Sharded/libs/win/glfw/src/osmesa_context.c">
			<Option target="glfw"/>
		</Unit>
		<Unit filename="C:/Users/Matteo/Desktop/Sharded/libs/win/glfw/src/osmesa_context.h">
			<Option target="glfw"/>
		</Unit>
		<Unit filename="C:/Users/Matteo/Desktop/Sharded/libs/win/glfw/src/vulkan.c">
			<Option target="glfw"/>
		</Unit>
		<Unit filename="C:/Users/Matteo/Desktop/Sharded/libs/win/glfw/src/wgl_context.c">
			<Option target="glfw"/>
		</Unit>
		<Unit filename="C:/Users/Matteo/Desktop/Sharded/libs/win/glfw/src/wgl_context.h">
			<Option target="glfw"/>
		</Unit>
		<Unit filename="C:/Users/Matteo/Desktop/Sharded/libs/win/glfw/src/win32_init.c">
			<Option target="glfw"/>
		</Unit>
		<Unit filename="C:/Users/Matteo/Desktop/Sharded/libs/win/glfw/src/win32_joystick.c">
			<Option target="glfw"/>
		</Unit>
		<Unit filename="C:/Users/Matteo/Desktop/Sharded/libs/win/glfw/src/win32_joystick.h">
			<Option target="glfw"/>
		</Unit>
		<Unit filename="C:/Users/Matteo/Desktop/Sharded/libs/win/glfw/src/win32_monitor.c">
			<Option target="glfw"/>
		</Unit>
		<Unit filename="C:/Users/Matteo/Desktop/Sharded/libs/win/glfw/src/win32_platform.h">
			<Option target="glfw"/>
		</Unit>
		<Unit filename="C:/Users/Matteo/Desktop/Sharded/libs/win/glfw/src/win32_thread.c">
			<Option target="glfw"/>
		</Unit>
		<Unit filename="C:/Users/Matteo/Desktop/Sharded/libs/win/glfw/src/win32_time.c">
			<Option target="glfw"/>
		</Unit>
		<Unit filename="C:/Users/Matteo/Desktop/Sharded/libs/win/glfw/src/win32_window.c">
			<Option target="glfw"/>
		</Unit>
		<Unit filename="C:/Users/Matteo/Desktop/Sharded/libs/win/glfw/src/window.c">
			<Option target="glfw"/>
		</Unit>
		<Unit filename="C:/Users/Matteo/Desktop/Sharded/CMakeLists.txt">
			<Option virtualFolder="CMake Files\"/>
		</Unit>
		<Unit filename="C:/Users/Matteo/Desktop/Sharded/libs/win/glfw/CMakeLists.txt">
			<Option virtualFolder="CMake Files\libs\win\glfw\"/>
		</Unit>
		<Unit filename="C:/Users/Matteo/Desktop/Sharded/libs/win/glfw/cmake_uninstall.cmake.in">
			<Option virtualFolder="CMake Files\libs\win\glfw\"/>
		</Unit>
		<Unit filename="C:/Users/Matteo/Desktop/Sharded/libs/win/glfw/src/CMakeLists.txt">
			<Option virtualFolder="CMake Files\libs\win\glfw\src\"/>
		</Unit>
		<Unit filename="C:/Users/Matteo/Desktop/Sharded/libs/win/glfw/src/glfw3.pc.in">
			<Option virtualFolder="CMake Files\libs\win\glfw\src\"/>
		</Unit>
		<Unit filename="C:/Users/Matteo/Desktop/Sharded/libs/win/glfw/src/glfw3Config.cmake.in">
			<Option virtualFolder="CMake Files\libs\win\glfw\src\"/>
		</Unit>
		<Unit filename="C:/Users/Matteo/Desktop/Sharded/libs/win/glfw/src/glfw_config.h.in">
			<Option virtualFolder="CMake Files\libs\win\glfw\src\"/>
		</Unit>
	</Project>
</CodeBlocks_project_file>
